
Microsoft Visual Studio Solution File, Format Version 12.00
# Visual Studio Version 17
VisualStudioVersion = 17.4.33403.182
MinimumVisualStudioVersion = 10.0.40219.1
Project("{2150E333-8FDC-42A3-9474-1A3956D46DE8}") = "Solution Items", "Solution Items", "{668CAF6E-F788-4B17-AB05-05E9D50555D4}"
EndProject
Project("{2150E333-8FDC-42A3-9474-1A3956D46DE8}") = "Services", "Services", "{FE3F2AF5-9594-416B-B3C6-1E9D815A5B90}"
EndProject
Project("{2150E333-8FDC-42A3-9474-1A3956D46DE8}") = "Catalog", "Catalog", "{3E54D275-D0CD-4321-B63F-FFADCC244F87}"
EndProject
Project("{9A19103F-16F7-4668-BE54-9A1E7A4F7556}") = "Catalog.Api", "Services\Catalog\Catalog.Api\Catalog.Api.csproj", "{6AC48EA7-66B7-479F-9262-C35E35691962}"
EndProject
Project("{E53339B2-1760-4266-BCC7-CA923CBCF16C}") = "docker-compose", "docker-compose.dcproj", "{2AE7F40C-E4D4-46A7-BA8C-D5DE95B1DA6B}"
EndProject
Project("{9A19103F-16F7-4668-BE54-9A1E7A4F7556}") = "Basket.Api", "Services\Basket\Basket.Api\Basket.Api.csproj", "{0CE0B499-C1B4-4378-A7C0-9AC4496422D1}"
EndProject
Project("{2150E333-8FDC-42A3-9474-1A3956D46DE8}") = "Basket", "Basket", "{B5CEC23E-E8DA-417A-B063-EE0A312294E0}"
EndProject
Project("{9A19103F-16F7-4668-BE54-9A1E7A4F7556}") = "Discount.Api", "Services\Discount\Discount.Api\Discount.Api.csproj", "{4850ED95-3622-4175-8711-8DA09ABA96C5}"
EndProject
Project("{2150E333-8FDC-42A3-9474-1A3956D46DE8}") = "Discount", "Discount", "{D91918D7-89A2-4E7C-85DE-38F8266A9FEA}"
EndProject
Project("{9A19103F-16F7-4668-BE54-9A1E7A4F7556}") = "Disscount.Test", "Services\Discount\Disscount.Test\Disscount.Test.csproj", "{514B0EA4-46B2-4348-B0FC-664BED69A79F}"
EndProject
Project("{2150E333-8FDC-42A3-9474-1A3956D46DE8}") = "Ordering", "Ordering", "{8A4A38F5-A71F-4EAF-AC03-E4A6F9F5D5FA}"
EndProject
Project("{9A19103F-16F7-4668-BE54-9A1E7A4F7556}") = "Ordering.Domain", "Services\Ordering\Ordering.Domain\Ordering.Domain.csproj", "{D7B91E73-F988-4247-BDC4-AEC54A0441D1}"
EndProject
Project("{9A19103F-16F7-4668-BE54-9A1E7A4F7556}") = "Ordering.API", "Services\Ordering\Ordering.API\Ordering.API.csproj", "{5A57CA52-C15C-45EB-8B33-86768F609F67}"
EndProject
Project("{9A19103F-16F7-4668-BE54-9A1E7A4F7556}") = "Ordering.Application", "Services\Ordering\Ordering.Application\Ordering.Application.csproj", "{AE5F041F-714E-4E6B-A796-E55B69456410}"
EndProject
Project("{9A19103F-16F7-4668-BE54-9A1E7A4F7556}") = "Ordering.Infrastructure", "Services\Ordering\Ordering.Infrastructure\Ordering.Infrastructure.csproj", "{3BF518CA-CF5D-49AE-8A55-6BCE2B87FA81}"
EndProject
Global
	GlobalSection(SolutionConfigurationPlatforms) = preSolution
		Debug|Any CPU = Debug|Any CPU
		Release|Any CPU = Release|Any CPU
	EndGlobalSection
	GlobalSection(ProjectConfigurationPlatforms) = postSolution
		{6AC48EA7-66B7-479F-9262-C35E35691962}.Debug|Any CPU.ActiveCfg = Debug|Any CPU
		{6AC48EA7-66B7-479F-9262-C35E35691962}.Debug|Any CPU.Build.0 = Debug|Any CPU
		{6AC48EA7-66B7-479F-9262-C35E35691962}.Release|Any CPU.ActiveCfg = Release|Any CPU
		{6AC48EA7-66B7-479F-9262-C35E35691962}.Release|Any CPU.Build.0 = Release|Any CPU
		{2AE7F40C-E4D4-46A7-BA8C-D5DE95B1DA6B}.Debug|Any CPU.ActiveCfg = Debug|Any CPU
		{2AE7F40C-E4D4-46A7-BA8C-D5DE95B1DA6B}.Debug|Any CPU.Build.0 = Debug|Any CPU
		{2AE7F40C-E4D4-46A7-BA8C-D5DE95B1DA6B}.Release|Any CPU.ActiveCfg = Release|Any CPU
		{2AE7F40C-E4D4-46A7-BA8C-D5DE95B1DA6B}.Release|Any CPU.Build.0 = Release|Any CPU
		{0CE0B499-C1B4-4378-A7C0-9AC4496422D1}.Debug|Any CPU.ActiveCfg = Debug|Any CPU
		{0CE0B499-C1B4-4378-A7C0-9AC4496422D1}.Debug|Any CPU.Build.0 = Debug|Any CPU
		{0CE0B499-C1B4-4378-A7C0-9AC4496422D1}.Release|Any CPU.ActiveCfg = Release|Any CPU
		{0CE0B499-C1B4-4378-A7C0-9AC4496422D1}.Release|Any CPU.Build.0 = Release|Any CPU
		{4850ED95-3622-4175-8711-8DA09ABA96C5}.Debug|Any CPU.ActiveCfg = Debug|Any CPU
		{4850ED95-3622-4175-8711-8DA09ABA96C5}.Debug|Any CPU.Build.0 = Debug|Any CPU
		{4850ED95-3622-4175-8711-8DA09ABA96C5}.Release|Any CPU.ActiveCfg = Release|Any CPU
		{4850ED95-3622-4175-8711-8DA09ABA96C5}.Release|Any CPU.Build.0 = Release|Any CPU
		{514B0EA4-46B2-4348-B0FC-664BED69A79F}.Debug|Any CPU.ActiveCfg = Debug|Any CPU
		{514B0EA4-46B2-4348-B0FC-664BED69A79F}.Debug|Any CPU.Build.0 = Debug|Any CPU
		{514B0EA4-46B2-4348-B0FC-664BED69A79F}.Release|Any CPU.ActiveCfg = Release|Any CPU
		{514B0EA4-46B2-4348-B0FC-664BED69A79F}.Release|Any CPU.Build.0 = Release|Any CPU
		{D7B91E73-F988-4247-BDC4-AEC54A0441D1}.Debug|Any CPU.ActiveCfg = Debug|Any CPU
		{D7B91E73-F988-4247-BDC4-AEC54A0441D1}.Debug|Any CPU.Build.0 = Debug|Any CPU
		{D7B91E73-F988-4247-BDC4-AEC54A0441D1}.Release|Any CPU.ActiveCfg = Release|Any CPU
		{D7B91E73-F988-4247-BDC4-AEC54A0441D1}.Release|Any CPU.Build.0 = Release|Any CPU
		{5A57CA52-C15C-45EB-8B33-86768F609F67}.Debug|Any CPU.ActiveCfg = Debug|Any CPU
		{5A57CA52-C15C-45EB-8B33-86768F609F67}.Debug|Any CPU.Build.0 = Debug|Any CPU
		{5A57CA52-C15C-45EB-8B33-86768F609F67}.Release|Any CPU.ActiveCfg = Release|Any CPU
		{5A57CA52-C15C-45EB-8B33-86768F609F67}.Release|Any CPU.Build.0 = Release|Any CPU
		{AE5F041F-714E-4E6B-A796-E55B69456410}.Debug|Any CPU.ActiveCfg = Debug|Any CPU
		{AE5F041F-714E-4E6B-A796-E55B69456410}.Debug|Any CPU.Build.0 = Debug|Any CPU
		{AE5F041F-714E-4E6B-A796-E55B69456410}.Release|Any CPU.ActiveCfg = Release|Any CPU
		{AE5F041F-714E-4E6B-A796-E55B69456410}.Release|Any CPU.Build.0 = Release|Any CPU
		{3BF518CA-CF5D-49AE-8A55-6BCE2B87FA81}.Debug|Any CPU.ActiveCfg = Debug|Any CPU
		{3BF518CA-CF5D-49AE-8A55-6BCE2B87FA81}.Debug|Any CPU.Build.0 = Debug|Any CPU
		{3BF518CA-CF5D-49AE-8A55-6BCE2B87FA81}.Release|Any CPU.ActiveCfg = Release|Any CPU
		{3BF518CA-CF5D-49AE-8A55-6BCE2B87FA81}.Release|Any CPU.Build.0 = Release|Any CPU
	EndGlobalSection
	GlobalSection(SolutionProperties) = preSolution
		HideSolutionNode = FALSE
	EndGlobalSection
	GlobalSection(NestedProjects) = preSolution
		{3E54D275-D0CD-4321-B63F-FFADCC244F87} = {FE3F2AF5-9594-416B-B3C6-1E9D815A5B90}
		{6AC48EA7-66B7-479F-9262-C35E35691962} = {3E54D275-D0CD-4321-B63F-FFADCC244F87}
		{0CE0B499-C1B4-4378-A7C0-9AC4496422D1} = {B5CEC23E-E8DA-417A-B063-EE0A312294E0}
		{B5CEC23E-E8DA-417A-B063-EE0A312294E0} = {FE3F2AF5-9594-416B-B3C6-1E9D815A5B90}
		{4850ED95-3622-4175-8711-8DA09ABA96C5} = {D91918D7-89A2-4E7C-85DE-38F8266A9FEA}
		{D91918D7-89A2-4E7C-85DE-38F8266A9FEA} = {FE3F2AF5-9594-416B-B3C6-1E9D815A5B90}
		{514B0EA4-46B2-4348-B0FC-664BED69A79F} = {D91918D7-89A2-4E7C-85DE-38F8266A9FEA}
		{8A4A38F5-A71F-4EAF-AC03-E4A6F9F5D5FA} = {FE3F2AF5-9594-416B-B3C6-1E9D815A5B90}
		{D7B91E73-F988-4247-BDC4-AEC54A0441D1} = {8A4A38F5-A71F-4EAF-AC03-E4A6F9F5D5FA}
		{5A57CA52-C15C-45EB-8B33-86768F609F67} = {8A4A38F5-A71F-4EAF-AC03-E4A6F9F5D5FA}
		{AE5F041F-714E-4E6B-A796-E55B69456410} = {8A4A38F5-A71F-4EAF-AC03-E4A6F9F5D5FA}
		{3BF518CA-CF5D-49AE-8A55-6BCE2B87FA81} = {8A4A38F5-A71F-4EAF-AC03-E4A6F9F5D5FA}
	EndGlobalSection
	GlobalSection(ExtensibilityGlobals) = postSolution
		SolutionGuid = {725B8763-1511-4731-B6DA-3A7BE74931ED}
	EndGlobalSection
EndGlobal
